
Microsoft Visual Studio Solution File, Format Version 12.00
# Visual Studio 15
VisualStudioVersion = 15.0.28307.902
MinimumVisualStudioVersion = 10.0.40219.1
Project("{FAE04EC0-301F-11D3-BF4B-00C04F79EFBC}") = "Home_Exercise", "Home_Exercise\Home_Exercise.csproj", "{6CD5B62F-0BAA-4DF5-9B80-5C948AF72FB6}"
EndProject
Global
	GlobalSection(SolutionConfigurationPlatforms) = preSolution
		Debug|Any CPU = Debug|Any CPU
		Release|Any CPU = Release|Any CPU
	EndGlobalSection
	GlobalSection(ProjectConfigurationPlatforms) = postSolution
		{6CD5B62F-0BAA-4DF5-9B80-5C948AF72FB6}.Debug|Any CPU.ActiveCfg = Debug|Any CPU
		{6CD5B62F-0BAA-4DF5-9B80-5C948AF72FB6}.Debug|Any CPU.Build.0 = Debug|Any CPU
		{6CD5B62F-0BAA-4DF5-9B80-5C948AF72FB6}.Release|Any CPU.ActiveCfg = Release|Any CPU
		{6CD5B62F-0BAA-4DF5-9B80-5C948AF72FB6}.Release|Any CPU.Build.0 = Release|Any CPU
	EndGlobalSection
	GlobalSection(SolutionProperties) = preSolution
		HideSolutionNode = FALSE
	EndGlobalSection
	GlobalSection(ExtensibilityGlobals) = postSolution
		SolutionGuid = {3E3849AD-7B95-4724-A993-1311CD871166}
	EndGlobalSection
EndGlobal
